
Microsoft Visual Studio Solution File, Format Version 12.00
# Visual Studio Version 16
VisualStudioVersion = 16.0.30204.135
MinimumVisualStudioVersion = 10.0.40219.1
Project("{FAE04EC0-301F-11D3-BF4B-00C04F79EFBC}") = "FinanceWpf.DAL", "FinanceWpf.DAL\FinanceWpf.DAL.csproj", "{A29B8E37-B661-4F9B-BE61-73F804CE88E3}"
EndProject
Project("{9A19103F-16F7-4668-BE54-9A1E7A4F7556}") = "FinanceWpf.Model", "FinanceWpf.Model\FinanceWpf.Model.csproj", "{0BB2B827-4F23-4F31-9683-AE21B1BE0C21}"
EndProject
Project("{FAE04EC0-301F-11D3-BF4B-00C04F79EFBC}") = "FinanceWpf.Common", "FinanceWpf.Common\FinanceWpf.Common.csproj", "{FFC661A5-8DB0-438E-9D65-803BC0C196DD}"
EndProject
Project("{9A19103F-16F7-4668-BE54-9A1E7A4F7556}") = "FinanceWpf.View.Core", "FinanceWpf.View.Core\FinanceWpf.View.Core.csproj", "{64FBF049-492B-45B1-A07D-7C9D94905B9E}"
EndProject
Project("{9A19103F-16F7-4668-BE54-9A1E7A4F7556}") = "FinanceWpf.Demo.Core", "FinanceWpf.ViewCore\FinanceWpf.Demo.Core.csproj", "{8020815D-044E-44E8-A308-96F38DAF6C68}"
EndProject
Global
	GlobalSection(SolutionConfigurationPlatforms) = preSolution
		Debug|Any CPU = Debug|Any CPU
		Release|Any CPU = Release|Any CPU
	EndGlobalSection
	GlobalSection(ProjectConfigurationPlatforms) = postSolution
		{A29B8E37-B661-4F9B-BE61-73F804CE88E3}.Debug|Any CPU.ActiveCfg = Debug|Any CPU
		{A29B8E37-B661-4F9B-BE61-73F804CE88E3}.Debug|Any CPU.Build.0 = Debug|Any CPU
		{A29B8E37-B661-4F9B-BE61-73F804CE88E3}.Release|Any CPU.ActiveCfg = Release|Any CPU
		{A29B8E37-B661-4F9B-BE61-73F804CE88E3}.Release|Any CPU.Build.0 = Release|Any CPU
		{0BB2B827-4F23-4F31-9683-AE21B1BE0C21}.Debug|Any CPU.ActiveCfg = Debug|Any CPU
		{0BB2B827-4F23-4F31-9683-AE21B1BE0C21}.Debug|Any CPU.Build.0 = Debug|Any CPU
		{0BB2B827-4F23-4F31-9683-AE21B1BE0C21}.Release|Any CPU.ActiveCfg = Release|Any CPU
		{0BB2B827-4F23-4F31-9683-AE21B1BE0C21}.Release|Any CPU.Build.0 = Release|Any CPU
		{FFC661A5-8DB0-438E-9D65-803BC0C196DD}.Debug|Any CPU.ActiveCfg = Debug|Any CPU
		{FFC661A5-8DB0-438E-9D65-803BC0C196DD}.Debug|Any CPU.Build.0 = Debug|Any CPU
		{FFC661A5-8DB0-438E-9D65-803BC0C196DD}.Release|Any CPU.ActiveCfg = Release|Any CPU
		{FFC661A5-8DB0-438E-9D65-803BC0C196DD}.Release|Any CPU.Build.0 = Release|Any CPU
		{64FBF049-492B-45B1-A07D-7C9D94905B9E}.Debug|Any CPU.ActiveCfg = Debug|Any CPU
		{64FBF049-492B-45B1-A07D-7C9D94905B9E}.Debug|Any CPU.Build.0 = Debug|Any CPU
		{64FBF049-492B-45B1-A07D-7C9D94905B9E}.Release|Any CPU.ActiveCfg = Release|Any CPU
		{64FBF049-492B-45B1-A07D-7C9D94905B9E}.Release|Any CPU.Build.0 = Release|Any CPU
		{8020815D-044E-44E8-A308-96F38DAF6C68}.Debug|Any CPU.ActiveCfg = Debug|Any CPU
		{8020815D-044E-44E8-A308-96F38DAF6C68}.Debug|Any CPU.Build.0 = Debug|Any CPU
		{8020815D-044E-44E8-A308-96F38DAF6C68}.Release|Any CPU.ActiveCfg = Release|Any CPU
		{8020815D-044E-44E8-A308-96F38DAF6C68}.Release|Any CPU.Build.0 = Release|Any CPU
	EndGlobalSection
	GlobalSection(SolutionProperties) = preSolution
		HideSolutionNode = FALSE
	EndGlobalSection
	GlobalSection(ExtensibilityGlobals) = postSolution
		SolutionGuid = {93C95AFD-AE39-44D2-939D-5F219C468363}
	EndGlobalSection
EndGlobal
